{
  "version": 4,
  "terraform_version": "1.5.7",
  "serial": 7,
  "lineage": "3003e3eb-a23d-adad-2d29-fe4100c637f3",
  "outputs": {},
  "resources": [
    {
      "mode": "managed",
      "type": "google_storage_bucket",
      "name": "function_bucket",
      "provider": "provider[\"registry.terraform.io/hashicorp/google\"]",
      "instances": [
        {
          "schema_version": 0,
          "attributes": {
            "autoclass": [],
            "cors": [],
            "custom_placement_config": [],
            "default_event_based_hold": false,
            "encryption": [],
            "force_destroy": true,
            "id": "manzai-multi-agent-bucket-38b8f717",
            "labels": {},
            "lifecycle_rule": [],
            "location": "ASIA-NORTHEAST1",
            "logging": [],
            "name": "manzai-multi-agent-bucket-38b8f717",
            "project": "ai-agent-hackathon-447707",
            "public_access_prevention": "inherited",
            "requester_pays": false,
            "retention_policy": [],
            "self_link": "https://www.googleapis.com/storage/v1/b/manzai-multi-agent-bucket-38b8f717",
            "soft_delete_policy": [
              {
                "effective_time": "2025-01-15T01:37:39.737Z",
                "retention_duration_seconds": 604800
              }
            ],
            "storage_class": "STANDARD",
            "timeouts": null,
            "uniform_bucket_level_access": true,
            "url": "gs://manzai-multi-agent-bucket-38b8f717",
            "versioning": [],
            "website": []
          },
          "sensitive_attributes": [],
          "private": "eyJlMmJmYjczMC1lY2FhLTExZTYtOGY4OC0zNDM2M2JjN2M0YzAiOnsiY3JlYXRlIjo2MDAwMDAwMDAwMDAsInJlYWQiOjI0MDAwMDAwMDAwMCwidXBkYXRlIjoyNDAwMDAwMDAwMDB9fQ==",
          "dependencies": [
            "random_id.bucket_suffix"
          ]
        }
      ]
    },
    {
      "mode": "managed",
      "type": "google_storage_bucket_object",
      "name": "function_source",
      "provider": "provider[\"registry.terraform.io/hashicorp/google\"]",
      "instances": [
        {
          "schema_version": 0,
          "attributes": {
            "bucket": "manzai-multi-agent-bucket-38b8f717",
            "cache_control": "",
            "content": null,
            "content_disposition": "",
            "content_encoding": "",
            "content_language": "",
            "content_type": "application/zip",
            "crc32c": "c8MqQg==",
            "customer_encryption": [],
            "detect_md5hash": "zFJ8YGfnlYUCjkHugiIMFA==",
            "event_based_hold": false,
            "id": "manzai-multi-agent-bucket-38b8f717-function-source.zip",
            "kms_key_name": "",
            "md5hash": "zFJ8YGfnlYUCjkHugiIMFA==",
            "media_link": "https://storage.googleapis.com/download/storage/v1/b/manzai-multi-agent-bucket-38b8f717/o/function-source.zip?generation=1736905060310926\u0026alt=media",
            "metadata": {},
            "name": "function-source.zip",
            "output_name": "function-source.zip",
            "self_link": "https://www.googleapis.com/storage/v1/b/manzai-multi-agent-bucket-38b8f717/o/function-source.zip",
            "source": "./../functions/manzai_multi_agent/manzai_multi_agent.zip",
            "storage_class": "STANDARD",
            "temporary_hold": false,
            "timeouts": null
          },
          "sensitive_attributes": [],
          "private": "eyJlMmJmYjczMC1lY2FhLTExZTYtOGY4OC0zNDM2M2JjN2M0YzAiOnsiY3JlYXRlIjoyNDAwMDAwMDAwMDAsImRlbGV0ZSI6MjQwMDAwMDAwMDAwLCJ1cGRhdGUiOjI0MDAwMDAwMDAwMH19",
          "dependencies": [
            "google_storage_bucket.function_bucket",
            "random_id.bucket_suffix"
          ]
        }
      ]
    },
    {
      "mode": "managed",
      "type": "random_id",
      "name": "bucket_suffix",
      "provider": "provider[\"registry.terraform.io/hashicorp/random\"]",
      "instances": [
        {
          "schema_version": 0,
          "attributes": {
            "b64_std": "OLj3Fw==",
            "b64_url": "OLj3Fw",
            "byte_length": 4,
            "dec": "951645975",
            "hex": "38b8f717",
            "id": "OLj3Fw",
            "keepers": null,
            "prefix": null
          },
          "sensitive_attributes": []
        }
      ]
    }
  ],
  "check_results": null
}
